// !$*UTF8*$!
{
	archiveVersion = 1;
	classes = {
	};
	objectVersion = 46;
	objects = {

/* Begin PBXBuildFile section */
		0B34B1DE1C23DDD20016875C /* AppDelegate.swift in Sources */ = {isa = PBXBuildFile; fileRef = 0B34B1DD1C23DDD20016875C /* AppDelegate.swift */; };
		0B34B1E01C23DDD20016875C /* ViewController.swift in Sources */ = {isa = PBXBuildFile; fileRef = 0B34B1DF1C23DDD20016875C /* ViewController.swift */; };
		0B34B1E31C23DDD20016875C /* Main.storyboard in Resources */ = {isa = PBXBuildFile; fileRef = 0B34B1E11C23DDD20016875C /* Main.storyboard */; };
		0B34B1E51C23DDD20016875C /* Assets.xcassets in Resources */ = {isa = PBXBuildFile; fileRef = 0B34B1E41C23DDD20016875C /* Assets.xcassets */; };
		0B34B1E81C23DDD20016875C /* LaunchScreen.storyboard in Resources */ = {isa = PBXBuildFile; fileRef = 0B34B1E61C23DDD20016875C /* LaunchScreen.storyboard */; };
		0B34B2121C23DDE80016875C /* PNBar.m in Sources */ = {isa = PBXBuildFile; fileRef = 0B34B1F11C23DDE80016875C /* PNBar.m */; };
		0B34B2131C23DDE80016875C /* PNBarChart.m in Sources */ = {isa = PBXBuildFile; fileRef = 0B34B1F31C23DDE80016875C /* PNBarChart.m */; };
		0B34B2141C23DDE80016875C /* PNChartLabel.m in Sources */ = {isa = PBXBuildFile; fileRef = 0B34B1F71C23DDE80016875C /* PNChartLabel.m */; };
		0B34B2151C23DDE80016875C /* PNCircleChart.m in Sources */ = {isa = PBXBuildFile; fileRef = 0B34B1F91C23DDE80016875C /* PNCircleChart.m */; };
		0B34B2161C23DDE80016875C /* PNColor.m in Sources */ = {isa = PBXBuildFile; fileRef = 0B34B1FB1C23DDE80016875C /* PNColor.m */; };
		0B34B2171C23DDE80016875C /* PNGenericChart.m in Sources */ = {isa = PBXBuildFile; fileRef = 0B34B1FD1C23DDE80016875C /* PNGenericChart.m */; };
		0B34B2181C23DDE80016875C /* PNLineChart.m in Sources */ = {isa = PBXBuildFile; fileRef = 0B34B1FF1C23DDE80016875C /* PNLineChart.m */; };
		0B34B2191C23DDE80016875C /* PNLineChartData.m in Sources */ = {isa = PBXBuildFile; fileRef = 0B34B2011C23DDE80016875C /* PNLineChartData.m */; };
		0B34B21A1C23DDE80016875C /* PNLineChartDataItem.m in Sources */ = {isa = PBXBuildFile; fileRef = 0B34B2031C23DDE80016875C /* PNLineChartDataItem.m */; };
		0B34B21B1C23DDE80016875C /* PNPieChart.m in Sources */ = {isa = PBXBuildFile; fileRef = 0B34B2051C23DDE80016875C /* PNPieChart.m */; };
		0B34B21C1C23DDE80016875C /* PNPieChartDataItem.m in Sources */ = {isa = PBXBuildFile; fileRef = 0B34B2071C23DDE80016875C /* PNPieChartDataItem.m */; };
		0B34B21D1C23DDE80016875C /* PNRadarChart.m in Sources */ = {isa = PBXBuildFile; fileRef = 0B34B2091C23DDE80016875C /* PNRadarChart.m */; };
		0B34B21E1C23DDE80016875C /* PNRadarChartDataItem.m in Sources */ = {isa = PBXBuildFile; fileRef = 0B34B20B1C23DDE80016875C /* PNRadarChartDataItem.m */; };
		0B34B21F1C23DDE80016875C /* PNScatterChart.m in Sources */ = {isa = PBXBuildFile; fileRef = 0B34B20D1C23DDE80016875C /* PNScatterChart.m */; };
		0B34B2201C23DDE80016875C /* PNScatterChartData.m in Sources */ = {isa = PBXBuildFile; fileRef = 0B34B20F1C23DDE80016875C /* PNScatterChartData.m */; };
		0B34B2211C23DDE80016875C /* PNScatterChartDataItem.m in Sources */ = {isa = PBXBuildFile; fileRef = 0B34B2111C23DDE80016875C /* PNScatterChartDataItem.m */; };
		0B34B2281C23EAD40016875C /* UICountingLabel.m in Sources */ = {isa = PBXBuildFile; fileRef = 0B34B2271C23EAD40016875C /* UICountingLabel.m */; };
		0B34B22A1C23F1F60016875C /* ChartViewController.swift in Sources */ = {isa = PBXBuildFile; fileRef = 0B34B2291C23F1F60016875C /* ChartViewController.swift */; };
/* End PBXBuildFile section */

/* Begin PBXFileReference section */
		0B34B1DA1C23DDD20016875C /* PNChartDemo.app */ = {isa = PBXFileReference; explicitFileType = wrapper.application; includeInIndex = 0; path = PNChartDemo.app; sourceTree = BUILT_PRODUCTS_DIR; };
		0B34B1DD1C23DDD20016875C /* AppDelegate.swift */ = {isa = PBXFileReference; lastKnownFileType = sourcecode.swift; path = AppDelegate.swift; sourceTree = "<group>"; };
		0B34B1DF1C23DDD20016875C /* ViewController.swift */ = {isa = PBXFileReference; lastKnownFileType = sourcecode.swift; path = ViewController.swift; sourceTree = "<group>"; };
		0B34B1E21C23DDD20016875C /* Base */ = {isa = PBXFileReference; lastKnownFileType = file.storyboard; name = Base; path = Base.lproj/Main.storyboard; sourceTree = "<group>"; };
		0B34B1E41C23DDD20016875C /* Assets.xcassets */ = {isa = PBXFileReference; lastKnownFileType = folder.assetcatalog; path = Assets.xcassets; sourceTree = "<group>"; };
		0B34B1E71C23DDD20016875C /* Base */ = {isa = PBXFileReference; lastKnownFileType = file.storyboard; name = Base; path = Base.lproj/LaunchScreen.storyboard; sourceTree = "<group>"; };
		0B34B1E91C23DDD20016875C /* Info.plist */ = {isa = PBXFileReference; lastKnownFileType = text.plist.xml; path = Info.plist; sourceTree = "<group>"; };
		0B34B1F01C23DDE80016875C /* PNBar.h */ = {isa = PBXFileReference; fileEncoding = 4; lastKnownFileType = sourcecode.c.h; path = PNBar.h; sourceTree = "<group>"; };
		0B34B1F11C23DDE80016875C /* PNBar.m */ = {isa = PBXFileReference; fileEncoding = 4; lastKnownFileType = sourcecode.c.objc; path = PNBar.m; sourceTree = "<group>"; };
		0B34B1F21C23DDE80016875C /* PNBarChart.h */ = {isa = PBXFileReference; fileEncoding = 4; lastKnownFileType = sourcecode.c.h; path = PNBarChart.h; sourceTree = "<group>"; };
		0B34B1F31C23DDE80016875C /* PNBarChart.m */ = {isa = PBXFileReference; fileEncoding = 4; lastKnownFileType = sourcecode.c.objc; path = PNBarChart.m; sourceTree = "<group>"; };
		0B34B1F41C23DDE80016875C /* PNChart.h */ = {isa = PBXFileReference; fileEncoding = 4; lastKnownFileType = sourcecode.c.h; path = PNChart.h; sourceTree = "<group>"; };
		0B34B1F51C23DDE80016875C /* PNChartDelegate.h */ = {isa = PBXFileReference; fileEncoding = 4; lastKnownFileType = sourcecode.c.h; path = PNChartDelegate.h; sourceTree = "<group>"; };
		0B34B1F61C23DDE80016875C /* PNChartLabel.h */ = {isa = PBXFileReference; fileEncoding = 4; lastKnownFileType = sourcecode.c.h; path = PNChartLabel.h; sourceTree = "<group>"; };
		0B34B1F71C23DDE80016875C /* PNChartLabel.m */ = {isa = PBXFileReference; fileEncoding = 4; lastKnownFileType = sourcecode.c.objc; path = PNChartLabel.m; sourceTree = "<group>"; };
		0B34B1F81C23DDE80016875C /* PNCircleChart.h */ = {isa = PBXFileReference; fileEncoding = 4; lastKnownFileType = sourcecode.c.h; path = PNCircleChart.h; sourceTree = "<group>"; };
		0B34B1F91C23DDE80016875C /* PNCircleChart.m */ = {isa = PBXFileReference; fileEncoding = 4; lastKnownFileType = sourcecode.c.objc; path = PNCircleChart.m; sourceTree = "<group>"; };
		0B34B1FA1C23DDE80016875C /* PNColor.h */ = {isa = PBXFileReference; fileEncoding = 4; lastKnownFileType = sourcecode.c.h; path = PNColor.h; sourceTree = "<group>"; };
		0B34B1FB1C23DDE80016875C /* PNColor.m */ = {isa = PBXFileReference; fileEncoding = 4; lastKnownFileType = sourcecode.c.objc; path = PNColor.m; sourceTree = "<group>"; };
		0B34B1FC1C23DDE80016875C /* PNGenericChart.h */ = {isa = PBXFileReference; fileEncoding = 4; lastKnownFileType = sourcecode.c.h; path = PNGenericChart.h; sourceTree = "<group>"; };
		0B34B1FD1C23DDE80016875C /* PNGenericChart.m */ = {isa = PBXFileReference; fileEncoding = 4; lastKnownFileType = sourcecode.c.objc; path = PNGenericChart.m; sourceTree = "<group>"; };
		0B34B1FE1C23DDE80016875C /* PNLineChart.h */ = {isa = PBXFileReference; fileEncoding = 4; lastKnownFileType = sourcecode.c.h; path = PNLineChart.h; sourceTree = "<group>"; };
		0B34B1FF1C23DDE80016875C /* PNLineChart.m */ = {isa = PBXFileReference; fileEncoding = 4; lastKnownFileType = sourcecode.c.objc; path = PNLineChart.m; sourceTree = "<group>"; };
		0B34B2001C23DDE80016875C /* PNLineChartData.h */ = {isa = PBXFileReference; fileEncoding = 4; lastKnownFileType = sourcecode.c.h; path = PNLineChartData.h; sourceTree = "<group>"; };
		0B34B2011C23DDE80016875C /* PNLineChartData.m */ = {isa = PBXFileReference; fileEncoding = 4; lastKnownFileType = sourcecode.c.objc; path = PNLineChartData.m; sourceTree = "<group>"; };
		0B34B2021C23DDE80016875C /* PNLineChartDataItem.h */ = {isa = PBXFileReference; fileEncoding = 4; lastKnownFileType = sourcecode.c.h; path = PNLineChartDataItem.h; sourceTree = "<group>"; };
		0B34B2031C23DDE80016875C /* PNLineChartDataItem.m */ = {isa = PBXFileReference; fileEncoding = 4; lastKnownFileType = sourcecode.c.objc; path = PNLineChartDataItem.m; sourceTree = "<group>"; };
		0B34B2041C23DDE80016875C /* PNPieChart.h */ = {isa = PBXFileReference; fileEncoding = 4; lastKnownFileType = sourcecode.c.h; path = PNPieChart.h; sourceTree = "<group>"; };
		0B34B2051C23DDE80016875C /* PNPieChart.m */ = {isa = PBXFileReference; fileEncoding = 4; lastKnownFileType = sourcecode.c.objc; path = PNPieChart.m; sourceTree = "<group>"; };
		0B34B2061C23DDE80016875C /* PNPieChartDataItem.h */ = {isa = PBXFileReference; fileEncoding = 4; lastKnownFileType = sourcecode.c.h; path = PNPieChartDataItem.h; sourceTree = "<group>"; };
		0B34B2071C23DDE80016875C /* PNPieChartDataItem.m */ = {isa = PBXFileReference; fileEncoding = 4; lastKnownFileType = sourcecode.c.objc; path = PNPieChartDataItem.m; sourceTree = "<group>"; };
		0B34B2081C23DDE80016875C /* PNRadarChart.h */ = {isa = PBXFileReference; fileEncoding = 4; lastKnownFileType = sourcecode.c.h; path = PNRadarChart.h; sourceTree = "<group>"; };
		0B34B2091C23DDE80016875C /* PNRadarChart.m */ = {isa = PBXFileReference; fileEncoding = 4; lastKnownFileType = sourcecode.c.objc; path = PNRadarChart.m; sourceTree = "<group>"; };
		0B34B20A1C23DDE80016875C /* PNRadarChartDataItem.h */ = {isa = PBXFileReference; fileEncoding = 4; lastKnownFileType = sourcecode.c.h; path = PNRadarChartDataItem.h; sourceTree = "<group>"; };
		0B34B20B1C23DDE80016875C /* PNRadarChartDataItem.m */ = {isa = PBXFileReference; fileEncoding = 4; lastKnownFileType = sourcecode.c.objc; path = PNRadarChartDataItem.m; sourceTree = "<group>"; };
		0B34B20C1C23DDE80016875C /* PNScatterChart.h */ = {isa = PBXFileReference; fileEncoding = 4; lastKnownFileType = sourcecode.c.h; path = PNScatterChart.h; sourceTree = "<group>"; };
		0B34B20D1C23DDE80016875C /* PNScatterChart.m */ = {isa = PBXFileReference; fileEncoding = 4; lastKnownFileType = sourcecode.c.objc; path = PNScatterChart.m; sourceTree = "<group>"; };
		0B34B20E1C23DDE80016875C /* PNScatterChartData.h */ = {isa = PBXFileReference; fileEncoding = 4; lastKnownFileType = sourcecode.c.h; path = PNScatterChartData.h; sourceTree = "<group>"; };
		0B34B20F1C23DDE80016875C /* PNScatterChartData.m */ = {isa = PBXFileReference; fileEncoding = 4; lastKnownFileType = sourcecode.c.objc; path = PNScatterChartData.m; sourceTree = "<group>"; };
		0B34B2101C23DDE80016875C /* PNScatterChartDataItem.h */ = {isa = PBXFileReference; fileEncoding = 4; lastKnownFileType = sourcecode.c.h; path = PNScatterChartDataItem.h; sourceTree = "<group>"; };
		0B34B2111C23DDE80016875C /* PNScatterChartDataItem.m */ = {isa = PBXFileReference; fileEncoding = 4; lastKnownFileType = sourcecode.c.objc; path = PNScatterChartDataItem.m; sourceTree = "<group>"; };
		0B34B2241C23DEAE0016875C /* Header.h */ = {isa = PBXFileReference; lastKnownFileType = sourcecode.c.h; path = Header.h; sourceTree = "<group>"; };
		0B34B2261C23EAD40016875C /* UICountingLabel.h */ = {isa = PBXFileReference; fileEncoding = 4; lastKnownFileType = sourcecode.c.h; path = UICountingLabel.h; sourceTree = "<group>"; };
		0B34B2271C23EAD40016875C /* UICountingLabel.m */ = {isa = PBXFileReference; fileEncoding = 4; lastKnownFileType = sourcecode.c.objc; path = UICountingLabel.m; sourceTree = "<group>"; };
		0B34B2291C23F1F60016875C /* ChartViewController.swift */ = {isa = PBXFileReference; fileEncoding = 4; lastKnownFileType = sourcecode.swift; path = ChartViewController.swift; sourceTree = "<group>"; };
/* End PBXFileReference section */

/* Begin PBXFrameworksBuildPhase section */
		0B34B1D71C23DDD20016875C /* Frameworks */ = {
			isa = PBXFrameworksBuildPhase;
			buildActionMask = 2147483647;
			files = (
			);
			runOnlyForDeploymentPostprocessing = 0;
		};
/* End PBXFrameworksBuildPhase section */

/* Begin PBXGroup section */
		0B34B1D11C23DDD20016875C = {
			isa = PBXGroup;
			children = (
				0B34B1DC1C23DDD20016875C /* PNChartDemo */,
				0B34B1DB1C23DDD20016875C /* Products */,
			);
			sourceTree = "<group>";
		};
		0B34B1DB1C23DDD20016875C /* Products */ = {
			isa = PBXGroup;
			children = (
				0B34B1DA1C23DDD20016875C /* PNChartDemo.app */,
			);
			name = Products;
			sourceTree = "<group>";
		};
		0B34B1DC1C23DDD20016875C /* PNChartDemo */ = {
			isa = PBXGroup;
			children = (
				0B34B2251C23EACD0016875C /* UICountingLabel */,
				0B34B1EF1C23DDE80016875C /* PNChart */,
				0B34B1DD1C23DDD20016875C /* AppDelegate.swift */,
				0B34B1DF1C23DDD20016875C /* ViewController.swift */,
				0B34B2291C23F1F60016875C /* ChartViewController.swift */,
				0B34B2241C23DEAE0016875C /* Header.h */,
				0B34B1E11C23DDD20016875C /* Main.storyboard */,
				0B34B1E41C23DDD20016875C /* Assets.xcassets */,
				0B34B1E61C23DDD20016875C /* LaunchScreen.storyboard */,
				0B34B1E91C23DDD20016875C /* Info.plist */,
			);
			path = PNChartDemo;
			sourceTree = "<group>";
		};
		0B34B1EF1C23DDE80016875C /* PNChart */ = {
			isa = PBXGroup;
			children = (
				0B34B1F01C23DDE80016875C /* PNBar.h */,
				0B34B1F11C23DDE80016875C /* PNBar.m */,
				0B34B1F21C23DDE80016875C /* PNBarChart.h */,
				0B34B1F31C23DDE80016875C /* PNBarChart.m */,
				0B34B1F41C23DDE80016875C /* PNChart.h */,
				0B34B1F51C23DDE80016875C /* PNChartDelegate.h */,
				0B34B1F61C23DDE80016875C /* PNChartLabel.h */,
				0B34B1F71C23DDE80016875C /* PNChartLabel.m */,
				0B34B1F81C23DDE80016875C /* PNCircleChart.h */,
				0B34B1F91C23DDE80016875C /* PNCircleChart.m */,
				0B34B1FA1C23DDE80016875C /* PNColor.h */,
				0B34B1FB1C23DDE80016875C /* PNColor.m */,
				0B34B1FC1C23DDE80016875C /* PNGenericChart.h */,
				0B34B1FD1C23DDE80016875C /* PNGenericChart.m */,
				0B34B1FE1C23DDE80016875C /* PNLineChart.h */,
				0B34B1FF1C23DDE80016875C /* PNLineChart.m */,
				0B34B2001C23DDE80016875C /* PNLineChartData.h */,
				0B34B2011C23DDE80016875C /* PNLineChartData.m */,
				0B34B2021C23DDE80016875C /* PNLineChartDataItem.h */,
				0B34B2031C23DDE80016875C /* PNLineChartDataItem.m */,
				0B34B2041C23DDE80016875C /* PNPieChart.h */,
				0B34B2051C23DDE80016875C /* PNPieChart.m */,
				0B34B2061C23DDE80016875C /* PNPieChartDataItem.h */,
				0B34B2071C23DDE80016875C /* PNPieChartDataItem.m */,
				0B34B2081C23DDE80016875C /* PNRadarChart.h */,
				0B34B2091C23DDE80016875C /* PNRadarChart.m */,
				0B34B20A1C23DDE80016875C /* PNRadarChartDataItem.h */,
				0B34B20B1C23DDE80016875C /* PNRadarChartDataItem.m */,
				0B34B20C1C23DDE80016875C /* PNScatterChart.h */,
				0B34B20D1C23DDE80016875C /* PNScatterChart.m */,
				0B34B20E1C23DDE80016875C /* PNScatterChartData.h */,
				0B34B20F1C23DDE80016875C /* PNScatterChartData.m */,
				0B34B2101C23DDE80016875C /* PNScatterChartDataItem.h */,
				0B34B2111C23DDE80016875C /* PNScatterChartDataItem.m */,
			);
			path = PNChart;
			sourceTree = "<group>";
		};
		0B34B2251C23EACD0016875C /* UICountingLabel */ = {
			isa = PBXGroup;
			children = (
				0B34B2261C23EAD40016875C /* UICountingLabel.h */,
				0B34B2271C23EAD40016875C /* UICountingLabel.m */,
			);
			name = UICountingLabel;
			sourceTree = "<group>";
		};
/* End PBXGroup section */

/* Begin PBXNativeTarget section */
		0B34B1D91C23DDD20016875C /* PNChartDemo */ = {
			isa = PBXNativeTarget;
			buildConfigurationList = 0B34B1EC1C23DDD20016875C /* Build configuration list for PBXNativeTarget "PNChartDemo" */;
			buildPhases = (
				0B34B1D61C23DDD20016875C /* Sources */,
				0B34B1D71C23DDD20016875C /* Frameworks */,
				0B34B1D81C23DDD20016875C /* Resources */,
			);
			buildRules = (
			);
			dependencies = (
			);
			name = PNChartDemo;
			productName = PNChartDemo;
			productReference = 0B34B1DA1C23DDD20016875C /* PNChartDemo.app */;
			productType = "com.apple.product-type.application";
		};
/* End PBXNativeTarget section */

/* Begin PBXProject section */
		0B34B1D21C23DDD20016875C /* Project object */ = {
			isa = PBXProject;
			attributes = {
				LastSwiftUpdateCheck = 0710;
				LastUpgradeCheck = 0710;
				ORGANIZATIONNAME = Benjamin;
				TargetAttributes = {
					0B34B1D91C23DDD20016875C = {
						CreatedOnToolsVersion = 7.1;
						DevelopmentTeam = C7V7MVM22S;
					};
				};
			};
			buildConfigurationList = 0B34B1D51C23DDD20016875C /* Build configuration list for PBXProject "PNChartDemo" */;
			compatibilityVersion = "Xcode 3.2";
			developmentRegion = English;
			hasScannedForEncodings = 0;
			knownRegions = (
				en,
				Base,
			);
			mainGroup = 0B34B1D11C23DDD20016875C;
			productRefGroup = 0B34B1DB1C23DDD20016875C /* Products */;
			projectDirPath = "";
			projectRoot = "";
			targets = (
				0B34B1D91C23DDD20016875C /* PNChartDemo */,
			);
		};
/* End PBXProject section */

/* Begin PBXResourcesBuildPhase section */
		0B34B1D81C23DDD20016875C /* Resources */ = {
			isa = PBXResourcesBuildPhase;
			buildActionMask = 2147483647;
			files = (
				0B34B1E81C23DDD20016875C /* LaunchScreen.storyboard in Resources */,
				0B34B1E51C23DDD20016875C /* Assets.xcassets in Resources */,
				0B34B1E31C23DDD20016875C /* Main.storyboard in Resources */,
			);
			runOnlyForDeploymentPostprocessing = 0;
		};
/* End PBXResourcesBuildPhase section */

/* Begin PBXSourcesBuildPhase section */
		0B34B1D61C23DDD20016875C /* Sources */ = {
			isa = PBXSourcesBuildPhase;
			buildActionMask = 2147483647;
			files = (
				0B34B2171C23DDE80016875C /* PNGenericChart.m in Sources */,
				0B34B21F1C23DDE80016875C /* PNScatterChart.m in Sources */,
				0B34B21E1C23DDE80016875C /* PNRadarChartDataItem.m in Sources */,
				0B34B2161C23DDE80016875C /* PNColor.m in Sources */,
				0B34B2141C23DDE80016875C /* PNChartLabel.m in Sources */,
				0B34B21C1C23DDE80016875C /* PNPieChartDataItem.m in Sources */,
				0B34B2131C23DDE80016875C /* PNBarChart.m in Sources */,
				0B34B2281C23EAD40016875C /* UICountingLabel.m in Sources */,
				0B34B2121C23DDE80016875C /* PNBar.m in Sources */,
				0B34B22A1C23F1F60016875C /* ChartViewController.swift in Sources */,
				0B34B2201C23DDE80016875C /* PNScatterChartData.m in Sources */,
				0B34B1E01C23DDD20016875C /* ViewController.swift in Sources */,
				0B34B2151C23DDE80016875C /* PNCircleChart.m in Sources */,
				0B34B1DE1C23DDD20016875C /* AppDelegate.swift in Sources */,
				0B34B21D1C23DDE80016875C /* PNRadarChart.m in Sources */,
				0B34B21A1C23DDE80016875C /* PNLineChartDataItem.m in Sources */,
				0B34B21B1C23DDE80016875C /* PNPieChart.m in Sources */,
				0B34B2191C23DDE80016875C /* PNLineChartData.m in Sources */,
				0B34B2211C23DDE80016875C /* PNScatterChartDataItem.m in Sources */,
				0B34B2181C23DDE80016875C /* PNLineChart.m in Sources */,
			);
			runOnlyForDeploymentPostprocessing = 0;
		};
/* End PBXSourcesBuildPhase section */

/* Begin PBXVariantGroup section */
		0B34B1E11C23DDD20016875C /* Main.storyboard */ = {
			isa = PBXVariantGroup;
			children = (
				0B34B1E21C23DDD20016875C /* Base */,
			);
			name = Main.storyboard;
			sourceTree = "<group>";
		};
		0B34B1E61C23DDD20016875C /* LaunchScreen.storyboard */ = {
			isa = PBXVariantGroup;
			children = (
				0B34B1E71C23DDD20016875C /* Base */,
			);
			name = LaunchScreen.storyboard;
			sourceTree = "<group>";
		};
/* End PBXVariantGroup section */

/* Begin XCBuildConfiguration section */
		0B34B1EA1C23DDD20016875C /* Debug */ = {
			isa = XCBuildConfiguration;
			buildSettings = {
				ALWAYS_SEARCH_USER_PATHS = NO;
				CLANG_CXX_LANGUAGE_STANDARD = "gnu++0x";
				CLANG_CXX_LIBRARY = "libc++";
				CLANG_ENABLE_MODULES = YES;
				CLANG_ENABLE_OBJC_ARC = YES;
				CLANG_WARN_BOOL_CONVERSION = YES;
				CLANG_WARN_CONSTANT_CONVERSION = YES;
				CLANG_WARN_DIRECT_OBJC_ISA_USAGE = YES_ERROR;
				CLANG_WARN_EMPTY_BODY = YES;
				CLANG_WARN_ENUM_CONVERSION = YES;
				CLANG_WARN_INT_CONVERSION = YES;
				CLANG_WARN_OBJC_ROOT_CLASS = YES_ERROR;
				CLANG_WARN_UNREACHABLE_CODE = YES;
				CLANG_WARN__DUPLICATE_METHOD_MATCH = YES;
				"CODE_SIGN_IDENTITY[sdk=iphoneos*]" = "iPhone Developer";
				COPY_PHASE_STRIP = NO;
				DEBUG_INFORMATION_FORMAT = dwarf;
				ENABLE_STRICT_OBJC_MSGSEND = YES;
				ENABLE_TESTABILITY = YES;
				GCC_C_LANGUAGE_STANDARD = gnu99;
				GCC_DYNAMIC_NO_PIC = NO;
				GCC_NO_COMMON_BLOCKS = YES;
				GCC_OPTIMIZATION_LEVEL = 0;
				GCC_PREPROCESSOR_DEFINITIONS = (
					"DEBUG=1",
					"$(inherited)",
				);
				GCC_WARN_64_TO_32_BIT_CONVERSION = YES;
				GCC_WARN_ABOUT_RETURN_TYPE = YES_ERROR;
				GCC_WARN_UNDECLARED_SELECTOR = YES;
				GCC_WARN_UNINITIALIZED_AUTOS = YES_AGGRESSIVE;
				GCC_WARN_UNUSED_FUNCTION = YES;
				GCC_WARN_UNUSED_VARIABLE = YES;
				IPHONEOS_DEPLOYMENT_TARGET = 9.1;
				MTL_ENABLE_DEBUG_INFO = YES;
				ONLY_ACTIVE_ARCH = YES;
				SDKROOT = iphoneos;
				SWIFT_OPTIMIZATION_LEVEL = "-Onone";
			};
			name = Debug;
		};
		0B34B1EB1C23DDD20016875C /* Release */ = {
			isa = XCBuildConfiguration;
			buildSettings = {
				ALWAYS_SEARCH_USER_PATHS = NO;
				CLANG_CXX_LANGUAGE_STANDARD = "gnu++0x";
				CLANG_CXX_LIBRARY = "libc++";
				CLANG_ENABLE_MODULES = YES;
				CLANG_ENABLE_OBJC_ARC = YES;
				CLANG_WARN_BOOL_CONVERSION = YES;
				CLANG_WARN_CONSTANT_CONVERSION = YES;
				CLANG_WARN_DIRECT_OBJC_ISA_USAGE = YES_ERROR;
				CLANG_WARN_EMPTY_BODY = YES;
				CLANG_WARN_ENUM_CONVERSION = YES;
				CLANG_WARN_INT_CONVERSION = YES;
				CLANG_WARN_OBJC_ROOT_CLASS = YES_ERROR;
				CLANG_WARN_UNREACHABLE_CODE = YES;
				CLANG_WARN__DUPLICATE_METHOD_MATCH = YES;
				"CODE_SIGN_IDENTITY[sdk=iphoneos*]" = "iPhone Developer";
				COPY_PHASE_STRIP = NO;
				DEBUG_INFORMATION_FORMAT = "dwarf-with-dsym";
				ENABLE_NS_ASSERTIONS = NO;
				ENABLE_STRICT_OBJC_MSGSEND = YES;
				GCC_C_LANGUAGE_STANDARD = gnu99;
				GCC_NO_COMMON_BLOCKS = YES;
				GCC_WARN_64_TO_32_BIT_CONVERSION = YES;
				GCC_WARN_ABOUT_RETURN_TYPE = YES_ERROR;
				GCC_WARN_UNDECLARED_SELECTOR = YES;
				GCC_WARN_UNINITIALIZED_AUTOS = YES_AGGRESSIVE;
				GCC_WARN_UNUSED_FUNCTION = YES;
				GCC_WARN_UNUSED_VARIABLE = YES;
				IPHONEOS_DEPLOYMENT_TARGET = 9.1;
				MTL_ENABLE_DEBUG_INFO = NO;
				SDKROOT = iphoneos;
				VALIDATE_PRODUCT = YES;
			};
			name = Release;
		};
		0B34B1ED1C23DDD20016875C /* Debug */ = {
			isa = XCBuildConfiguration;
			buildSettings = {
				ASSETCATALOG_COMPILER_APPICON_NAME = AppIcon;
				INFOPLIST_FILE = PNChartDemo/Info.plist;
				LD_RUNPATH_SEARCH_PATHS = "$(inherited) @executable_path/Frameworks";
				PRODUCT_BUNDLE_IDENTIFIER = com.leandev.PNChartDemo;
				PRODUCT_NAME = "$(TARGET_NAME)";
				SWIFT_OBJC_BRIDGING_HEADER = PNChartDemo/Header.h;
			};
			name = Debug;
		};
		0B34B1EE1C23DDD20016875C /* Release */ = {
			isa = XCBuildConfiguration;
			buildSettings = {
				ASSETCATALOG_COMPILER_APPICON_NAME = AppIcon;
				INFOPLIST_FILE = PNChartDemo/Info.plist;
				LD_RUNPATH_SEARCH_PATHS = "$(inherited) @executable_path/Frameworks";
				PRODUCT_BUNDLE_IDENTIFIER = com.leandev.PNChartDemo;
				PRODUCT_NAME = "$(TARGET_NAME)";
				SWIFT_OBJC_BRIDGING_HEADER = PNChartDemo/Header.h;
			};
			name = Release;
		};
/* End XCBuildConfiguration section */

/* Begin XCConfigurationList section */
		0B34B1D51C23DDD20016875C /* Build configuration list for PBXProject "PNChartDemo" */ = {
			isa = XCConfigurationList;
			buildConfigurations = (
				0B34B1EA1C23DDD20016875C /* Debug */,
				0B34B1EB1C23DDD20016875C /* Release */,
			);
			defaultConfigurationIsVisible = 0;
			defaultConfigurationName = Release;
		};
		0B34B1EC1C23DDD20016875C /* Build configuration list for PBXNativeTarget "PNChartDemo" */ = {
			isa = XCConfigurationList;
			buildConfigurations = (
				0B34B1ED1C23DDD20016875C /* Debug */,
				0B34B1EE1C23DDD20016875C /* Release */,
			);
			defaultConfigurationIsVisible = 0;
		};
/* End XCConfigurationList section */
	};
	rootObject = 0B34B1D21C23DDD20016875C /* Project object */;
}
